
Microsoft Visual Studio Solution File, Format Version 12.00
# Visual Studio Version 17
VisualStudioVersion = 17.12.35527.113 d17.12
MinimumVisualStudioVersion = 10.0.40219.1
Project("{FAE04EC0-301F-11D3-BF4B-00C04F79EFBC}") = "ShoppingBackend.Application", "ShoppingBackend.Application\ShoppingBackend.Application.csproj", "{2C28DA69-24DF-4A1B-8F7E-7C5A50D85567}"
EndProject
Project("{FAE04EC0-301F-11D3-BF4B-00C04F79EFBC}") = "ShoppingBackend.Domain", "ShoppingBackend.Domain\ShoppingBackend.Domain.csproj", "{5F03E33C-392B-4D1B-A36B-AEA417B7C831}"
EndProject
Project("{FAE04EC0-301F-11D3-BF4B-00C04F79EFBC}") = "ShoppingBackend.Infrastructure", "ShoppingBackend.Infrastructure\ShoppingBackend.Infrastructure.csproj", "{D985F0B0-F104-43F7-8F52-3F674A4752A5}"
EndProject
Project("{FAE04EC0-301F-11D3-BF4B-00C04F79EFBC}") = "ShoppingBackend.WebAPI", "ShoppingBackend.WebAPI\ShoppingBackend.WebAPI.csproj", "{BFBA2257-7053-4D2F-9257-E387EF7BBEBC}"
EndProject
Global
	GlobalSection(SolutionConfigurationPlatforms) = preSolution
		Debug|Any CPU = Debug|Any CPU
		Release|Any CPU = Release|Any CPU
	EndGlobalSection
	GlobalSection(ProjectConfigurationPlatforms) = postSolution
		{2C28DA69-24DF-4A1B-8F7E-7C5A50D85567}.Debug|Any CPU.ActiveCfg = Debug|Any CPU
		{2C28DA69-24DF-4A1B-8F7E-7C5A50D85567}.Debug|Any CPU.Build.0 = Debug|Any CPU
		{2C28DA69-24DF-4A1B-8F7E-7C5A50D85567}.Release|Any CPU.ActiveCfg = Release|Any CPU
		{2C28DA69-24DF-4A1B-8F7E-7C5A50D85567}.Release|Any CPU.Build.0 = Release|Any CPU
		{5F03E33C-392B-4D1B-A36B-AEA417B7C831}.Debug|Any CPU.ActiveCfg = Debug|Any CPU
		{5F03E33C-392B-4D1B-A36B-AEA417B7C831}.Debug|Any CPU.Build.0 = Debug|Any CPU
		{5F03E33C-392B-4D1B-A36B-AEA417B7C831}.Release|Any CPU.ActiveCfg = Release|Any CPU
		{5F03E33C-392B-4D1B-A36B-AEA417B7C831}.Release|Any CPU.Build.0 = Release|Any CPU
		{D985F0B0-F104-43F7-8F52-3F674A4752A5}.Debug|Any CPU.ActiveCfg = Debug|Any CPU
		{D985F0B0-F104-43F7-8F52-3F674A4752A5}.Debug|Any CPU.Build.0 = Debug|Any CPU
		{D985F0B0-F104-43F7-8F52-3F674A4752A5}.Release|Any CPU.ActiveCfg = Release|Any CPU
		{D985F0B0-F104-43F7-8F52-3F674A4752A5}.Release|Any CPU.Build.0 = Release|Any CPU
		{BFBA2257-7053-4D2F-9257-E387EF7BBEBC}.Debug|Any CPU.ActiveCfg = Debug|Any CPU
		{BFBA2257-7053-4D2F-9257-E387EF7BBEBC}.Debug|Any CPU.Build.0 = Debug|Any CPU
		{BFBA2257-7053-4D2F-9257-E387EF7BBEBC}.Release|Any CPU.ActiveCfg = Release|Any CPU
		{BFBA2257-7053-4D2F-9257-E387EF7BBEBC}.Release|Any CPU.Build.0 = Release|Any CPU
	EndGlobalSection
	GlobalSection(SolutionProperties) = preSolution
		HideSolutionNode = FALSE
	EndGlobalSection
EndGlobal
